github.com/Azure/azure-sdk-for-go/sdk/azcore v1.16.0 h1:JZg6HRh6W6U4OLl6lk7BZ7BLisIzM9dG1R50zUk9C/M=
github.com/Azure/azure-sdk-for-go/sdk/azcore v1.16.0/go.mod h1:YL1xnZ6QejvQHWJrX/AvhFl4WW4rqHVoKspWNVwFk0M=
github.com/Azure/azure-sdk-for-go/sdk/internal v1.10.0 h1:ywEEhmNahHBihViHepv3xPBn1663uRv2t2q/ESv9seY=
github.com/Azure/azure-sdk-for-go/sdk/internal v1.10.0/go.mod h1:iZDifYGJTIgIIkYRNWPENUnqx6bJ2xnSDFI2tjwZNuY=
github.com/Azure/azure-sdk-for-go/sdk/messaging/azeventhubs v1.3.0 h1:skbmKp8umb8jMxl4A4CwvYyfCblujU00XUB/ytUjEac=
github.com/Azure/azure-sdk-for-go/sdk/messaging/azeventhubs v1.3.0/go.mod h1:nynTZqX7jGM6FQy6Y+7uFT7Y+LhaAeO3q3d48VZzH5E=
github.com/Azure/go-amqp v1.3.0 h1://1rikYhoIQNXJFXyoO/Rlb4+4EkHYfJceNtLlys2/4=
github.com/Azure/go-amqp v1.3.0/go.mod h1:vZAogwdrkbyK3Mla8m/CxSc/aKdnTZ4IbPxl51Y5WZE=
golang.org/x/net v0.33.0 h1:74SYHlV8BIgHIFC/LrYkOGIwL19eTYXQ5wc6TBuO36I=
golang.org/x/net v0.33.0/go.mod h1:HXLR5J+9DxmrqMwG9qjGCxZ+zKXxBru04zlTvWlWuN4=
golang.org/x/text v0.21.0 h1:zyQAAkrwaneQ066sspRyJaG9VNi/YJ1NfzcGB3hZ/qo=
golang.org/x/text v0.21.0/go.mod h1:4IBbMaMmOPCJ8SecivzSH54+73PCFmPWxNTLm+vZkEQ=
